
Microsoft Visual Studio Solution File, Format Version 12.00
# Visual Studio Version 17
VisualStudioVersion = 17.7.34031.279
MinimumVisualStudioVersion = 10.0.40219.1
Project("{FAE04EC0-301F-11D3-BF4B-00C04F79EFBC}") = "Anti-Suicide0492", "Anti-Suicide0492\Anti-Suicide0492.csproj", "{EE96EB75-B96D-4F4C-92ED-DC40596B4B18}"
EndProject
Global
	GlobalSection(SolutionConfigurationPlatforms) = preSolution
		Debug|Any CPU = Debug|Any CPU
		Release|Any CPU = Release|Any CPU
	EndGlobalSection
	GlobalSection(ProjectConfigurationPlatforms) = postSolution
		{EE96EB75-B96D-4F4C-92ED-DC40596B4B18}.Debug|Any CPU.ActiveCfg = Debug|Any CPU
		{EE96EB75-B96D-4F4C-92ED-DC40596B4B18}.Debug|Any CPU.Build.0 = Debug|Any CPU
		{EE96EB75-B96D-4F4C-92ED-DC40596B4B18}.Release|Any CPU.ActiveCfg = Release|Any CPU
		{EE96EB75-B96D-4F4C-92ED-DC40596B4B18}.Release|Any CPU.Build.0 = Release|Any CPU
	EndGlobalSection
	GlobalSection(SolutionProperties) = preSolution
		HideSolutionNode = FALSE
	EndGlobalSection
	GlobalSection(ExtensibilityGlobals) = postSolution
		SolutionGuid = {8487C69B-30B7-4656-8CE9-0FB56CC8A315}
	EndGlobalSection
EndGlobal
